// !$*UTF8*$!
{
	archiveVersion = 1;
	classes = {
	};
	objectVersion = 46;
	objects = {

/* Begin PBXBuildFile section */
		650289171CFBCE9F00A2B130 /* NSArray+FGQuickSortTest.m in Sources */ = {isa = PBXBuildFile; fileRef = 650289161CFBCE9F00A2B130 /* NSArray+FGQuickSortTest.m */; };
		650289331CFD247900A2B130 /* FGAVLTree.m in Sources */ = {isa = PBXBuildFile; fileRef = 650289321CFD247900A2B130 /* FGAVLTree.m */; };
		650289361CFD248A00A2B130 /* FGAVLTreeNode.m in Sources */ = {isa = PBXBuildFile; fileRef = 650289351CFD248A00A2B130 /* FGAVLTreeNode.m */; };
		6502893A1CFD3B0200A2B130 /* NSNumber+FGComparsion.m in Sources */ = {isa = PBXBuildFile; fileRef = 650289391CFD3B0200A2B130 /* NSNumber+FGComparsion.m */; };
		6506356F1CD02FA2000347E7 /* FGHeap.m in Sources */ = {isa = PBXBuildFile; fileRef = 6506356E1CD02FA2000347E7 /* FGHeap.m */; };
		650635ED1CD17B86000347E7 /* FGListedList.m in Sources */ = {isa = PBXBuildFile; fileRef = 650635EC1CD17B86000347E7 /* FGListedList.m */; };
		65223E721CCB362F003FC03F /* main.m in Sources */ = {isa = PBXBuildFile; fileRef = 65223E711CCB362F003FC03F /* main.m */; };
		65223E751CCB362F003FC03F /* AppDelegate.m in Sources */ = {isa = PBXBuildFile; fileRef = 65223E741CCB362F003FC03F /* AppDelegate.m */; };
		65223E781CCB362F003FC03F /* ViewController.m in Sources */ = {isa = PBXBuildFile; fileRef = 65223E771CCB362F003FC03F /* ViewController.m */; };
		65223E7B1CCB362F003FC03F /* Main.storyboard in Resources */ = {isa = PBXBuildFile; fileRef = 65223E791CCB362F003FC03F /* Main.storyboard */; };
		65223E7D1CCB362F003FC03F /* Assets.xcassets in Resources */ = {isa = PBXBuildFile; fileRef = 65223E7C1CCB362F003FC03F /* Assets.xcassets */; };
		65223E801CCB362F003FC03F /* LaunchScreen.storyboard in Resources */ = {isa = PBXBuildFile; fileRef = 65223E7E1CCB362F003FC03F /* LaunchScreen.storyboard */; };
		65223E8B1CCB362F003FC03F /* FGDataStructureTests.m in Sources */ = {isa = PBXBuildFile; fileRef = 65223E8A1CCB362F003FC03F /* FGDataStructureTests.m */; };
		65223E9D1CCB399B003FC03F /* FGBSTree.m in Sources */ = {isa = PBXBuildFile; fileRef = 65223E9C1CCB399B003FC03F /* FGBSTree.m */; };
		65223EA31CCB39DD003FC03F /* FGBSTreeNode.m in Sources */ = {isa = PBXBuildFile; fileRef = 65223EA21CCB39DD003FC03F /* FGBSTreeNode.m */; };
		65223EAA1CCED89E003FC03F /* FGStack.m in Sources */ = {isa = PBXBuildFile; fileRef = 65223EA91CCED89E003FC03F /* FGStack.m */; };
		65223EAE1CCEEF88003FC03F /* FGQueue.m in Sources */ = {isa = PBXBuildFile; fileRef = 65223EAD1CCEEF88003FC03F /* FGQueue.m */; };
		65223EB21CCEF66D003FC03F /* FGHashTable.m in Sources */ = {isa = PBXBuildFile; fileRef = 65223EB11CCEF66D003FC03F /* FGHashTable.m */; };
		65223EBD1CCF21CB003FC03F /* FGHashTableTest.m in Sources */ = {isa = PBXBuildFile; fileRef = 65223EBC1CCF21CB003FC03F /* FGHashTableTest.m */; };
		65223ED31CCF528C003FC03F /* FGHashTableNode.m in Sources */ = {isa = PBXBuildFile; fileRef = 65223ED21CCF528C003FC03F /* FGHashTableNode.m */; };
		65223ED51CD0234F003FC03F /* FGStackTest.m in Sources */ = {isa = PBXBuildFile; fileRef = 65223ED41CD0234F003FC03F /* FGStackTest.m */; };
		65231E431CE7D3F6002B6821 /* FGFBQuestions.m in Sources */ = {isa = PBXBuildFile; fileRef = 65231E421CE7D3F6002B6821 /* FGFBQuestions.m */; };
		65231E461CE7D422002B6821 /* FGFBClosestPoints.m in Sources */ = {isa = PBXBuildFile; fileRef = 65231E451CE7D422002B6821 /* FGFBClosestPoints.m */; };
		65231E481CE7DBB0002B6821 /* FGFBClosestPointsTest.m in Sources */ = {isa = PBXBuildFile; fileRef = 65231E471CE7DBB0002B6821 /* FGFBClosestPointsTest.m */; };
		654D8EAC1CD9B83D00B89F86 /* NSArray+FGHRArrayDS.m in Sources */ = {isa = PBXBuildFile; fileRef = 654D8EAB1CD9B83D00B89F86 /* NSArray+FGHRArrayDS.m */; };
		654D8EAE1CD9BA3400B89F86 /* FGHRArrayDSTest.m in Sources */ = {isa = PBXBuildFile; fileRef = 654D8EAD1CD9BA3400B89F86 /* FGHRArrayDSTest.m */; };
		654D8EB11CD9CE7C00B89F86 /* FGHR2DArrayDS.m in Sources */ = {isa = PBXBuildFile; fileRef = 654D8EB01CD9CE7C00B89F86 /* FGHR2DArrayDS.m */; };
		654D8EBD1CDAC4C300B89F86 /* FGHR2DArrayDSTest.m in Sources */ = {isa = PBXBuildFile; fileRef = 654D8EBC1CDAC4C300B89F86 /* FGHR2DArrayDSTest.m */; };
		654D8EC11CDACD5F00B89F86 /* FGHRLinkedList.m in Sources */ = {isa = PBXBuildFile; fileRef = 654D8EC01CDACD5F00B89F86 /* FGHRLinkedList.m */; };
		654D8EC31CDAD7C700B89F86 /* FGHRLinkedListTest.m in Sources */ = {isa = PBXBuildFile; fileRef = 654D8EC21CDAD7C700B89F86 /* FGHRLinkedListTest.m */; };
		6555C6621CE42F92004DA145 /* FGHRBalancedTree.m in Sources */ = {isa = PBXBuildFile; fileRef = 6555C6611CE42F92004DA145 /* FGHRBalancedTree.m */; };
		65974CCD1CE1457600B3B340 /* FGHRTree.m in Sources */ = {isa = PBXBuildFile; fileRef = 65974CCC1CE1457600B3B340 /* FGHRTree.m */; };
		65974CCF1CE1487100B3B340 /* FGHRTreeTest.m in Sources */ = {isa = PBXBuildFile; fileRef = 65974CCE1CE1487100B3B340 /* FGHRTreeTest.m */; };
		65E5C1FA1CEC53C6003E1B26 /* FGAPPLEPopularObjectTest.m in Sources */ = {isa = PBXBuildFile; fileRef = 65E5C1F91CEC53C6003E1B26 /* FGAPPLEPopularObjectTest.m */; };
		65E5C1FD1CECFF10003E1B26 /* FGBSTreeObject.m in Sources */ = {isa = PBXBuildFile; fileRef = 65E5C1FC1CECFF10003E1B26 /* FGBSTreeObject.m */; };
		65E5C1FF1CED001B003E1B26 /* FGBSTreeTest.m in Sources */ = {isa = PBXBuildFile; fileRef = 65E5C1FE1CED001B003E1B26 /* FGBSTreeTest.m */; };
		65E5C20D1CF2904F003E1B26 /* FGFBCancelableBlock.m in Sources */ = {isa = PBXBuildFile; fileRef = 65E5C20C1CF2904F003E1B26 /* FGFBCancelableBlock.m */; };
		65EEBAD51CE8312900EA6186 /* FGFBQuestionsTest.m in Sources */ = {isa = PBXBuildFile; fileRef = 65EEBAD41CE8312900EA6186 /* FGFBQuestionsTest.m */; };
		65EEBAD81CE940B400EA6186 /* FGFBNestedArray.m in Sources */ = {isa = PBXBuildFile; fileRef = 65EEBAD71CE940B400EA6186 /* FGFBNestedArray.m */; };
		65EEBADA1CE9449200EA6186 /* FGFBNestedArrayTest.m in Sources */ = {isa = PBXBuildFile; fileRef = 65EEBAD91CE9449200EA6186 /* FGFBNestedArrayTest.m */; };
		65EEBAE81CE9875A00EA6186 /* FGGGNumberGroup.m in Sources */ = {isa = PBXBuildFile; fileRef = 65EEBAE71CE9875A00EA6186 /* FGGGNumberGroup.m */; };
		65EEBAEA1CE98A6B00EA6186 /* FGGGNumberGroupTest.m in Sources */ = {isa = PBXBuildFile; fileRef = 65EEBAE91CE98A6B00EA6186 /* FGGGNumberGroupTest.m */; };
		65EEBAF31CEA635800EA6186 /* FGFBWordsMatch.m in Sources */ = {isa = PBXBuildFile; fileRef = 65EEBAF21CEA635800EA6186 /* FGFBWordsMatch.m */; };
		65EEBAF51CEA655900EA6186 /* FGFBWordsMatchTest.m in Sources */ = {isa = PBXBuildFile; fileRef = 65EEBAF41CEA655900EA6186 /* FGFBWordsMatchTest.m */; };
		65EEBAF91CEA76ED00EA6186 /* FGFBAnagramsFinder.m in Sources */ = {isa = PBXBuildFile; fileRef = 65EEBAF81CEA76ED00EA6186 /* FGFBAnagramsFinder.m */; };
		65EEBB041CEAA82700EA6186 /* FGFBAnagramsFinderTest.m in Sources */ = {isa = PBXBuildFile; fileRef = 65EEBB031CEAA82700EA6186 /* FGFBAnagramsFinderTest.m */; };
		65EEBB071CEAC80D00EA6186 /* FGFBMergeSortArray.m in Sources */ = {isa = PBXBuildFile; fileRef = 65EEBB061CEAC80D00EA6186 /* FGFBMergeSortArray.m */; };
		65EEBB091CEACF2400EA6186 /* FGFBMergeSortArrayTest.m in Sources */ = {isa = PBXBuildFile; fileRef = 65EEBB081CEACF2400EA6186 /* FGFBMergeSortArrayTest.m */; };
		65EEBB211CEBC3B000EA6186 /* FGFBRemoveDuplicates.m in Sources */ = {isa = PBXBuildFile; fileRef = 65EEBB201CEBC3B000EA6186 /* FGFBRemoveDuplicates.m */; };
		65EEBB231CEBC44400EA6186 /* FGFBRemoveDuplicatesTest.m in Sources */ = {isa = PBXBuildFile; fileRef = 65EEBB221CEBC44400EA6186 /* FGFBRemoveDuplicatesTest.m */; };
		65EEBB261CEBE33000EA6186 /* FGFBFindMirrorTree.m in Sources */ = {isa = PBXBuildFile; fileRef = 65EEBB251CEBE33000EA6186 /* FGFBFindMirrorTree.m */; };
		65EEBB2A1CEBE37900EA6186 /* FGFBFindMirrorTreeNode.m in Sources */ = {isa = PBXBuildFile; fileRef = 65EEBB291CEBE37900EA6186 /* FGFBFindMirrorTreeNode.m */; };
		65EEBB2D1CEBE38500EA6186 /* FGFBFindMirrorTreeStructure.m in Sources */ = {isa = PBXBuildFile; fileRef = 65EEBB2C1CEBE38500EA6186 /* FGFBFindMirrorTreeStructure.m */; };
		65EEBB301CEBED5900EA6186 /* FGFBFindMirrorData.m in Sources */ = {isa = PBXBuildFile; fileRef = 65EEBB2F1CEBED5900EA6186 /* FGFBFindMirrorData.m */; };
		65EEBB321CEC038300EA6186 /* FGFBFindMirrorTreeTest.m in Sources */ = {isa = PBXBuildFile; fileRef = 65EEBB311CEC038300EA6186 /* FGFBFindMirrorTreeTest.m */; };
		65EEBB351CEC163300EA6186 /* FGFBTelephoneKeypad.m in Sources */ = {isa = PBXBuildFile; fileRef = 65EEBB341CEC163300EA6186 /* FGFBTelephoneKeypad.m */; };
		65EEBB371CEC1E4800EA6186 /* FGFBTelephoneKeypadTest.m in Sources */ = {isa = PBXBuildFile; fileRef = 65EEBB361CEC1E4800EA6186 /* FGFBTelephoneKeypadTest.m */; };
		65EEBB3B1CEC30B600EA6186 /* FGGPFibonacciCalculator.m in Sources */ = {isa = PBXBuildFile; fileRef = 65EEBB3A1CEC30B600EA6186 /* FGGPFibonacciCalculator.m */; };
		65EEBB3D1CEC44B200EA6186 /* FGGPFibonacciCalculatorTest.m in Sources */ = {isa = PBXBuildFile; fileRef = 65EEBB3C1CEC44B200EA6186 /* FGGPFibonacciCalculatorTest.m */; };
		65EEBB431CEC47FE00EA6186 /* FGAPPLEPopularObject.m in Sources */ = {isa = PBXBuildFile; fileRef = 65EEBB421CEC47FE00EA6186 /* FGAPPLEPopularObject.m */; };
		65F7077B1CF6A7CF009A4006 /* FGTrieTree.m in Sources */ = {isa = PBXBuildFile; fileRef = 65F7077A1CF6A7CF009A4006 /* FGTrieTree.m */; };
		65F7077F1CF6A7F5009A4006 /* FGTrieTreeNode.m in Sources */ = {isa = PBXBuildFile; fileRef = 65F7077E1CF6A7F5009A4006 /* FGTrieTreeNode.m */; };
		65F707811CF6C13B009A4006 /* FGTrieTreeNodeTest.m in Sources */ = {isa = PBXBuildFile; fileRef = 65F707801CF6C13B009A4006 /* FGTrieTreeNodeTest.m */; };
		65F7079F1CFAC2A3009A4006 /* NSArray+FGQuickSort.m in Sources */ = {isa = PBXBuildFile; fileRef = 65F7079E1CFAC2A3009A4006 /* NSArray+FGQuickSort.m */; };
/* End PBXBuildFile section */

/* Begin PBXContainerItemProxy section */
		65223E871CCB362F003FC03F /* PBXContainerItemProxy */ = {
			isa = PBXContainerItemProxy;
			containerPortal = 65223E651CCB362F003FC03F /* Project object */;
			proxyType = 1;
			remoteGlobalIDString = 65223E6C1CCB362F003FC03F;
			remoteInfo = FGDataStructure;
		};
/* End PBXContainerItemProxy section */

/* Begin PBXFileReference section */
		650289161CFBCE9F00A2B130 /* NSArray+FGQuickSortTest.m */ = {isa = PBXFileReference; fileEncoding = 4; lastKnownFileType = sourcecode.c.objc; path = "NSArray+FGQuickSortTest.m"; sourceTree = "<group>"; };
		650289311CFD247900A2B130 /* FGAVLTree.h */ = {isa = PBXFileReference; fileEncoding = 4; lastKnownFileType = sourcecode.c.h; name = FGAVLTree.h; path = Tree/FGAVLTree.h; sourceTree = "<group>"; };
		650289321CFD247900A2B130 /* FGAVLTree.m */ = {isa = PBXFileReference; fileEncoding = 4; lastKnownFileType = sourcecode.c.objc; name = FGAVLTree.m; path = Tree/FGAVLTree.m; sourceTree = "<group>"; };
		650289341CFD248A00A2B130 /* FGAVLTreeNode.h */ = {isa = PBXFileReference; fileEncoding = 4; lastKnownFileType = sourcecode.c.h; name = FGAVLTreeNode.h; path = Tree/FGAVLTreeNode.h; sourceTree = "<group>"; };
		650289351CFD248A00A2B130 /* FGAVLTreeNode.m */ = {isa = PBXFileReference; fileEncoding = 4; lastKnownFileType = sourcecode.c.objc; name = FGAVLTreeNode.m; path = Tree/FGAVLTreeNode.m; sourceTree = "<group>"; };
		650289381CFD3B0200A2B130 /* NSNumber+FGComparsion.h */ = {isa = PBXFileReference; fileEncoding = 4; lastKnownFileType = sourcecode.c.h; name = "NSNumber+FGComparsion.h"; path = "Utilities/NSNumber+FGComparsion.h"; sourceTree = "<group>"; };
		650289391CFD3B0200A2B130 /* NSNumber+FGComparsion.m */ = {isa = PBXFileReference; fileEncoding = 4; lastKnownFileType = sourcecode.c.objc; name = "NSNumber+FGComparsion.m"; path = "Utilities/NSNumber+FGComparsion.m"; sourceTree = "<group>"; };
		6506356D1CD02FA2000347E7 /* FGHeap.h */ = {isa = PBXFileReference; fileEncoding = 4; lastKnownFileType = sourcecode.c.h; name = FGHeap.h; path = Heap/FGHeap.h; sourceTree = "<group>"; };
		6506356E1CD02FA2000347E7 /* FGHeap.m */ = {isa = PBXFileReference; fileEncoding = 4; lastKnownFileType = sourcecode.c.objc; name = FGHeap.m; path = Heap/FGHeap.m; sourceTree = "<group>"; };
		650635EB1CD17B86000347E7 /* FGListedList.h */ = {isa = PBXFileReference; fileEncoding = 4; lastKnownFileType = sourcecode.c.h; name = FGListedList.h; path = LinkedList/FGListedList.h; sourceTree = "<group>"; };
		650635EC1CD17B86000347E7 /* FGListedList.m */ = {isa = PBXFileReference; fileEncoding = 4; lastKnownFileType = sourcecode.c.objc; name = FGListedList.m; path = LinkedList/FGListedList.m; sourceTree = "<group>"; };
		65223E6D1CCB362F003FC03F /* FGDataStructure.app */ = {isa = PBXFileReference; explicitFileType = wrapper.application; includeInIndex = 0; path = FGDataStructure.app; sourceTree = BUILT_PRODUCTS_DIR; };
		65223E711CCB362F003FC03F /* main.m */ = {isa = PBXFileReference; lastKnownFileType = sourcecode.c.objc; path = main.m; sourceTree = "<group>"; };
		65223E731CCB362F003FC03F /* AppDelegate.h */ = {isa = PBXFileReference; lastKnownFileType = sourcecode.c.h; path = AppDelegate.h; sourceTree = "<group>"; };
		65223E741CCB362F003FC03F /* AppDelegate.m */ = {isa = PBXFileReference; lastKnownFileType = sourcecode.c.objc; path = AppDelegate.m; sourceTree = "<group>"; };
		65223E761CCB362F003FC03F /* ViewController.h */ = {isa = PBXFileReference; lastKnownFileType = sourcecode.c.h; path = ViewController.h; sourceTree = "<group>"; };
		65223E771CCB362F003FC03F /* ViewController.m */ = {isa = PBXFileReference; lastKnownFileType = sourcecode.c.objc; path = ViewController.m; sourceTree = "<group>"; };
		65223E7A1CCB362F003FC03F /* Base */ = {isa = PBXFileReference; lastKnownFileType = file.storyboard; name = Base; path = Base.lproj/Main.storyboard; sourceTree = "<group>"; };
		65223E7C1CCB362F003FC03F /* Assets.xcassets */ = {isa = PBXFileReference; lastKnownFileType = folder.assetcatalog; path = Assets.xcassets; sourceTree = "<group>"; };
		65223E7F1CCB362F003FC03F /* Base */ = {isa = PBXFileReference; lastKnownFileType = file.storyboard; name = Base; path = Base.lproj/LaunchScreen.storyboard; sourceTree = "<group>"; };
		65223E811CCB362F003FC03F /* Info.plist */ = {isa = PBXFileReference; lastKnownFileType = text.plist.xml; path = Info.plist; sourceTree = "<group>"; };
		65223E861CCB362F003FC03F /* FGDataStructureTests.xctest */ = {isa = PBXFileReference; explicitFileType = wrapper.cfbundle; includeInIndex = 0; path = FGDataStructureTests.xctest; sourceTree = BUILT_PRODUCTS_DIR; };
		65223E8A1CCB362F003FC03F /* FGDataStructureTests.m */ = {isa = PBXFileReference; lastKnownFileType = sourcecode.c.objc; path = FGDataStructureTests.m; sourceTree = "<group>"; };
		65223E8C1CCB362F003FC03F /* Info.plist */ = {isa = PBXFileReference; lastKnownFileType = text.plist.xml; path = Info.plist; sourceTree = "<group>"; };
		65223E9B1CCB399B003FC03F /* FGBSTree.h */ = {isa = PBXFileReference; fileEncoding = 4; lastKnownFileType = sourcecode.c.h; name = FGBSTree.h; path = Tree/FGBSTree.h; sourceTree = "<group>"; };
		65223E9C1CCB399B003FC03F /* FGBSTree.m */ = {isa = PBXFileReference; fileEncoding = 4; lastKnownFileType = sourcecode.c.objc; name = FGBSTree.m; path = Tree/FGBSTree.m; sourceTree = "<group>"; };
		65223EA11CCB39DD003FC03F /* FGBSTreeNode.h */ = {isa = PBXFileReference; fileEncoding = 4; lastKnownFileType = sourcecode.c.h; name = FGBSTreeNode.h; path = Tree/FGBSTreeNode.h; sourceTree = "<group>"; };
		65223EA21CCB39DD003FC03F /* FGBSTreeNode.m */ = {isa = PBXFileReference; fileEncoding = 4; lastKnownFileType = sourcecode.c.objc; name = FGBSTreeNode.m; path = Tree/FGBSTreeNode.m; sourceTree = "<group>"; };
		65223EA41CCD6F41003FC03F /* FGBSTreeType.h */ = {isa = PBXFileReference; fileEncoding = 4; lastKnownFileType = sourcecode.c.h; path = FGBSTreeType.h; sourceTree = "<group>"; };
		65223EA81CCED89E003FC03F /* FGStack.h */ = {isa = PBXFileReference; fileEncoding = 4; lastKnownFileType = sourcecode.c.h; name = FGStack.h; path = Stack/FGStack.h; sourceTree = "<group>"; };
		65223EA91CCED89E003FC03F /* FGStack.m */ = {isa = PBXFileReference; fileEncoding = 4; lastKnownFileType = sourcecode.c.objc; name = FGStack.m; path = Stack/FGStack.m; sourceTree = "<group>"; };
		65223EAC1CCEEF88003FC03F /* FGQueue.h */ = {isa = PBXFileReference; fileEncoding = 4; lastKnownFileType = sourcecode.c.h; name = FGQueue.h; path = Queue/FGQueue.h; sourceTree = "<group>"; };
		65223EAD1CCEEF88003FC03F /* FGQueue.m */ = {isa = PBXFileReference; fileEncoding = 4; lastKnownFileType = sourcecode.c.objc; name = FGQueue.m; path = Queue/FGQueue.m; sourceTree = "<group>"; };
		65223EB01CCEF66D003FC03F /* FGHashTable.h */ = {isa = PBXFileReference; fileEncoding = 4; lastKnownFileType = sourcecode.c.h; name = FGHashTable.h; path = HashTable/FGHashTable.h; sourceTree = "<group>"; };
		65223EB11CCEF66D003FC03F /* FGHashTable.m */ = {isa = PBXFileReference; fileEncoding = 4; lastKnownFileType = sourcecode.c.objc; name = FGHashTable.m; path = HashTable/FGHashTable.m; sourceTree = "<group>"; };
		65223EBC1CCF21CB003FC03F /* FGHashTableTest.m */ = {isa = PBXFileReference; fileEncoding = 4; lastKnownFileType = sourcecode.c.objc; path = FGHashTableTest.m; sourceTree = "<group>"; };
		65223ED11CCF528C003FC03F /* FGHashTableNode.h */ = {isa = PBXFileReference; fileEncoding = 4; lastKnownFileType = sourcecode.c.h; name = FGHashTableNode.h; path = HashTable/FGHashTableNode.h; sourceTree = "<group>"; };
		65223ED21CCF528C003FC03F /* FGHashTableNode.m */ = {isa = PBXFileReference; fileEncoding = 4; lastKnownFileType = sourcecode.c.objc; name = FGHashTableNode.m; path = HashTable/FGHashTableNode.m; sourceTree = "<group>"; };
		65223ED41CD0234F003FC03F /* FGStackTest.m */ = {isa = PBXFileReference; fileEncoding = 4; lastKnownFileType = sourcecode.c.objc; path = FGStackTest.m; sourceTree = "<group>"; };
		65231E411CE7D3F6002B6821 /* FGFBQuestions.h */ = {isa = PBXFileReference; fileEncoding = 4; lastKnownFileType = sourcecode.c.h; name = FGFBQuestions.h; path = Facebook/FGFBQuestions.h; sourceTree = "<group>"; };
		65231E421CE7D3F6002B6821 /* FGFBQuestions.m */ = {isa = PBXFileReference; fileEncoding = 4; lastKnownFileType = sourcecode.c.objc; name = FGFBQuestions.m; path = Facebook/FGFBQuestions.m; sourceTree = "<group>"; };
		65231E441CE7D422002B6821 /* FGFBClosestPoints.h */ = {isa = PBXFileReference; fileEncoding = 4; lastKnownFileType = sourcecode.c.h; name = FGFBClosestPoints.h; path = Facebook/FGFBClosestPoints.h; sourceTree = "<group>"; };
		65231E451CE7D422002B6821 /* FGFBClosestPoints.m */ = {isa = PBXFileReference; fileEncoding = 4; lastKnownFileType = sourcecode.c.objc; name = FGFBClosestPoints.m; path = Facebook/FGFBClosestPoints.m; sourceTree = "<group>"; };
		65231E471CE7DBB0002B6821 /* FGFBClosestPointsTest.m */ = {isa = PBXFileReference; fileEncoding = 4; lastKnownFileType = sourcecode.c.objc; path = FGFBClosestPointsTest.m; sourceTree = "<group>"; };
		654D8EAA1CD9B83D00B89F86 /* NSArray+FGHRArrayDS.h */ = {isa = PBXFileReference; fileEncoding = 4; lastKnownFileType = sourcecode.c.h; name = "NSArray+FGHRArrayDS.h"; path = "Array/NSArray+FGHRArrayDS.h"; sourceTree = "<group>"; };
		654D8EAB1CD9B83D00B89F86 /* NSArray+FGHRArrayDS.m */ = {isa = PBXFileReference; fileEncoding = 4; lastKnownFileType = sourcecode.c.objc; name = "NSArray+FGHRArrayDS.m"; path = "Array/NSArray+FGHRArrayDS.m"; sourceTree = "<group>"; };
		654D8EAD1CD9BA3400B89F86 /* FGHRArrayDSTest.m */ = {isa = PBXFileReference; fileEncoding = 4; lastKnownFileType = sourcecode.c.objc; path = FGHRArrayDSTest.m; sourceTree = "<group>"; };
		654D8EAF1CD9CE7C00B89F86 /* FGHR2DArrayDS.h */ = {isa = PBXFileReference; fileEncoding = 4; lastKnownFileType = sourcecode.c.h; name = FGHR2DArrayDS.h; path = Array/FGHR2DArrayDS.h; sourceTree = "<group>"; };
		654D8EB01CD9CE7C00B89F86 /* FGHR2DArrayDS.m */ = {isa = PBXFileReference; fileEncoding = 4; lastKnownFileType = sourcecode.c.objc; name = FGHR2DArrayDS.m; path = Array/FGHR2DArrayDS.m; sourceTree = "<group>"; };
		654D8EBC1CDAC4C300B89F86 /* FGHR2DArrayDSTest.m */ = {isa = PBXFileReference; fileEncoding = 4; lastKnownFileType = sourcecode.c.objc; path = FGHR2DArrayDSTest.m; sourceTree = "<group>"; };
		654D8EBF1CDACD5F00B89F86 /* FGHRLinkedList.h */ = {isa = PBXFileReference; fileEncoding = 4; lastKnownFileType = sourcecode.c.h; name = FGHRLinkedList.h; path = LinkedList/FGHRLinkedList.h; sourceTree = "<group>"; };
		654D8EC01CDACD5F00B89F86 /* FGHRLinkedList.m */ = {isa = PBXFileReference; fileEncoding = 4; lastKnownFileType = sourcecode.c.objc; name = FGHRLinkedList.m; path = LinkedList/FGHRLinkedList.m; sourceTree = "<group>"; };
		654D8EC21CDAD7C700B89F86 /* FGHRLinkedListTest.m */ = {isa = PBXFileReference; fileEncoding = 4; lastKnownFileType = sourcecode.c.objc; path = FGHRLinkedListTest.m; sourceTree = "<group>"; };
		6555C6601CE42F92004DA145 /* FGHRBalancedTree.h */ = {isa = PBXFileReference; fileEncoding = 4; lastKnownFileType = sourcecode.c.h; name = FGHRBalancedTree.h; path = BalancedTree/FGHRBalancedTree.h; sourceTree = "<group>"; };
		6555C6611CE42F92004DA145 /* FGHRBalancedTree.m */ = {isa = PBXFileReference; fileEncoding = 4; lastKnownFileType = sourcecode.c.objc; name = FGHRBalancedTree.m; path = BalancedTree/FGHRBalancedTree.m; sourceTree = "<group>"; };
		65974CCB1CE1457600B3B340 /* FGHRTree.h */ = {isa = PBXFileReference; fileEncoding = 4; lastKnownFileType = sourcecode.c.h; name = FGHRTree.h; path = Tree/FGHRTree.h; sourceTree = "<group>"; };
		65974CCC1CE1457600B3B340 /* FGHRTree.m */ = {isa = PBXFileReference; fileEncoding = 4; lastKnownFileType = sourcecode.c.objc; name = FGHRTree.m; path = Tree/FGHRTree.m; sourceTree = "<group>"; };
		65974CCE1CE1487100B3B340 /* FGHRTreeTest.m */ = {isa = PBXFileReference; fileEncoding = 4; lastKnownFileType = sourcecode.c.objc; path = FGHRTreeTest.m; sourceTree = "<group>"; };
		65E5C1F91CEC53C6003E1B26 /* FGAPPLEPopularObjectTest.m */ = {isa = PBXFileReference; fileEncoding = 4; lastKnownFileType = sourcecode.c.objc; path = FGAPPLEPopularObjectTest.m; sourceTree = "<group>"; };
		65E5C1FB1CECFF10003E1B26 /* FGBSTreeObject.h */ = {isa = PBXFileReference; fileEncoding = 4; lastKnownFileType = sourcecode.c.h; name = FGBSTreeObject.h; path = Tree/FGBSTreeObject.h; sourceTree = "<group>"; };
		65E5C1FC1CECFF10003E1B26 /* FGBSTreeObject.m */ = {isa = PBXFileReference; fileEncoding = 4; lastKnownFileType = sourcecode.c.objc; name = FGBSTreeObject.m; path = Tree/FGBSTreeObject.m; sourceTree = "<group>"; };
		65E5C1FE1CED001B003E1B26 /* FGBSTreeTest.m */ = {isa = PBXFileReference; fileEncoding = 4; lastKnownFileType = sourcecode.c.objc; path = FGBSTreeTest.m; sourceTree = "<group>"; };
		65E5C2061CEFD73D003E1B26 /* FGFBCancelableBlock.h */ = {isa = PBXFileReference; fileEncoding = 4; lastKnownFileType = sourcecode.c.h; name = FGFBCancelableBlock.h; path = Facebook/FGFBCancelableBlock.h; sourceTree = "<group>"; };
		65E5C20C1CF2904F003E1B26 /* FGFBCancelableBlock.m */ = {isa = PBXFileReference; fileEncoding = 4; lastKnownFileType = sourcecode.c.objc; path = FGFBCancelableBlock.m; sourceTree = "<group>"; };
		65E5C20E1CF2C904003E1B26 /* FGFBCancelableBlock2.h */ = {isa = PBXFileReference; fileEncoding = 4; lastKnownFileType = sourcecode.c.h; name = FGFBCancelableBlock2.h; path = Facebook/FGFBCancelableBlock2.h; sourceTree = "<group>"; };
		65EEBAD41CE8312900EA6186 /* FGFBQuestionsTest.m */ = {isa = PBXFileReference; fileEncoding = 4; lastKnownFileType = sourcecode.c.objc; path = FGFBQuestionsTest.m; sourceTree = "<group>"; };
		65EEBAD61CE940B400EA6186 /* FGFBNestedArray.h */ = {isa = PBXFileReference; fileEncoding = 4; lastKnownFileType = sourcecode.c.h; name = FGFBNestedArray.h; path = Facebook/FGFBNestedArray.h; sourceTree = "<group>"; };
		65EEBAD71CE940B400EA6186 /* FGFBNestedArray.m */ = {isa = PBXFileReference; fileEncoding = 4; lastKnownFileType = sourcecode.c.objc; name = FGFBNestedArray.m; path = Facebook/FGFBNestedArray.m; sourceTree = "<group>"; };
		65EEBAD91CE9449200EA6186 /* FGFBNestedArrayTest.m */ = {isa = PBXFileReference; fileEncoding = 4; lastKnownFileType = sourcecode.c.objc; path = FGFBNestedArrayTest.m; sourceTree = "<group>"; };
		65EEBAE61CE9875A00EA6186 /* FGGGNumberGroup.h */ = {isa = PBXFileReference; fileEncoding = 4; lastKnownFileType = sourcecode.c.h; name = FGGGNumberGroup.h; path = Google/FGGGNumberGroup.h; sourceTree = "<group>"; };
		65EEBAE71CE9875A00EA6186 /* FGGGNumberGroup.m */ = {isa = PBXFileReference; fileEncoding = 4; lastKnownFileType = sourcecode.c.objc; name = FGGGNumberGroup.m; path = Google/FGGGNumberGroup.m; sourceTree = "<group>"; };
		65EEBAE91CE98A6B00EA6186 /* FGGGNumberGroupTest.m */ = {isa = PBXFileReference; fileEncoding = 4; lastKnownFileType = sourcecode.c.objc; path = FGGGNumberGroupTest.m; sourceTree = "<group>"; };
		65EEBAF11CEA635800EA6186 /* FGFBWordsMatch.h */ = {isa = PBXFileReference; fileEncoding = 4; lastKnownFileType = sourcecode.c.h; name = FGFBWordsMatch.h; path = Facebook/FGFBWordsMatch.h; sourceTree = "<group>"; };
		65EEBAF21CEA635800EA6186 /* FGFBWordsMatch.m */ = {isa = PBXFileReference; fileEncoding = 4; lastKnownFileType = sourcecode.c.objc; name = FGFBWordsMatch.m; path = Facebook/FGFBWordsMatch.m; sourceTree = "<group>"; };
		65EEBAF41CEA655900EA6186 /* FGFBWordsMatchTest.m */ = {isa = PBXFileReference; fileEncoding = 4; lastKnownFileType = sourcecode.c.objc; path = FGFBWordsMatchTest.m; sourceTree = "<group>"; };
		65EEBAF71CEA76ED00EA6186 /* FGFBAnagramsFinder.h */ = {isa = PBXFileReference; fileEncoding = 4; lastKnownFileType = sourcecode.c.h; name = FGFBAnagramsFinder.h; path = Facebook/FGFBAnagramsFinder.h; sourceTree = "<group>"; };
		65EEBAF81CEA76ED00EA6186 /* FGFBAnagramsFinder.m */ = {isa = PBXFileReference; fileEncoding = 4; lastKnownFileType = sourcecode.c.objc; name = FGFBAnagramsFinder.m; path = Facebook/FGFBAnagramsFinder.m; sourceTree = "<group>"; };
		65EEBB031CEAA82700EA6186 /* FGFBAnagramsFinderTest.m */ = {isa = PBXFileReference; fileEncoding = 4; lastKnownFileType = sourcecode.c.objc; path = FGFBAnagramsFinderTest.m; sourceTree = "<group>"; };
		65EEBB051CEAC80D00EA6186 /* FGFBMergeSortArray.h */ = {isa = PBXFileReference; fileEncoding = 4; lastKnownFileType = sourcecode.c.h; name = FGFBMergeSortArray.h; path = Facebook/FGFBMergeSortArray.h; sourceTree = "<group>"; };
		65EEBB061CEAC80D00EA6186 /* FGFBMergeSortArray.m */ = {isa = PBXFileReference; fileEncoding = 4; lastKnownFileType = sourcecode.c.objc; name = FGFBMergeSortArray.m; path = Facebook/FGFBMergeSortArray.m; sourceTree = "<group>"; };
		65EEBB081CEACF2400EA6186 /* FGFBMergeSortArrayTest.m */ = {isa = PBXFileReference; fileEncoding = 4; lastKnownFileType = sourcecode.c.objc; path = FGFBMergeSortArrayTest.m; sourceTree = "<group>"; };
		65EEBB1F1CEBC3B000EA6186 /* FGFBRemoveDuplicates.h */ = {isa = PBXFileReference; fileEncoding = 4; lastKnownFileType = sourcecode.c.h; name = FGFBRemoveDuplicates.h; path = Facebook/FGFBRemoveDuplicates.h; sourceTree = "<group>"; };
		65EEBB201CEBC3B000EA6186 /* FGFBRemoveDuplicates.m */ = {isa = PBXFileReference; fileEncoding = 4; lastKnownFileType = sourcecode.c.objc; name = FGFBRemoveDuplicates.m; path = Facebook/FGFBRemoveDuplicates.m; sourceTree = "<group>"; };
		65EEBB221CEBC44400EA6186 /* FGFBRemoveDuplicatesTest.m */ = {isa = PBXFileReference; fileEncoding = 4; lastKnownFileType = sourcecode.c.objc; path = FGFBRemoveDuplicatesTest.m; sourceTree = "<group>"; };
		65EEBB241CEBE33000EA6186 /* FGFBFindMirrorTree.h */ = {isa = PBXFileReference; fileEncoding = 4; lastKnownFileType = sourcecode.c.h; name = FGFBFindMirrorTree.h; path = Facebook/FGFBFindMirrorTree.h; sourceTree = "<group>"; };
		65EEBB251CEBE33000EA6186 /* FGFBFindMirrorTree.m */ = {isa = PBXFileReference; fileEncoding = 4; lastKnownFileType = sourcecode.c.objc; name = FGFBFindMirrorTree.m; path = Facebook/FGFBFindMirrorTree.m; sourceTree = "<group>"; };
		65EEBB281CEBE37900EA6186 /* FGFBFindMirrorTreeNode.h */ = {isa = PBXFileReference; fileEncoding = 4; lastKnownFileType = sourcecode.c.h; name = FGFBFindMirrorTreeNode.h; path = Facebook/FGFBFindMirrorTreeNode.h; sourceTree = "<group>"; };
		65EEBB291CEBE37900EA6186 /* FGFBFindMirrorTreeNode.m */ = {isa = PBXFileReference; fileEncoding = 4; lastKnownFileType = sourcecode.c.objc; name = FGFBFindMirrorTreeNode.m; path = Facebook/FGFBFindMirrorTreeNode.m; sourceTree = "<group>"; };
		65EEBB2B1CEBE38500EA6186 /* FGFBFindMirrorTreeStructure.h */ = {isa = PBXFileReference; fileEncoding = 4; lastKnownFileType = sourcecode.c.h; name = FGFBFindMirrorTreeStructure.h; path = Facebook/FGFBFindMirrorTreeStructure.h; sourceTree = "<group>"; };
		65EEBB2C1CEBE38500EA6186 /* FGFBFindMirrorTreeStructure.m */ = {isa = PBXFileReference; fileEncoding = 4; lastKnownFileType = sourcecode.c.objc; name = FGFBFindMirrorTreeStructure.m; path = Facebook/FGFBFindMirrorTreeStructure.m; sourceTree = "<group>"; };
		65EEBB2E1CEBED5900EA6186 /* FGFBFindMirrorData.h */ = {isa = PBXFileReference; fileEncoding = 4; lastKnownFileType = sourcecode.c.h; name = FGFBFindMirrorData.h; path = Facebook/FGFBFindMirrorData.h; sourceTree = "<group>"; };
		65EEBB2F1CEBED5900EA6186 /* FGFBFindMirrorData.m */ = {isa = PBXFileReference; fileEncoding = 4; lastKnownFileType = sourcecode.c.objc; name = FGFBFindMirrorData.m; path = Facebook/FGFBFindMirrorData.m; sourceTree = "<group>"; };
		65EEBB311CEC038300EA6186 /* FGFBFindMirrorTreeTest.m */ = {isa = PBXFileReference; fileEncoding = 4; lastKnownFileType = sourcecode.c.objc; path = FGFBFindMirrorTreeTest.m; sourceTree = "<group>"; };
		65EEBB331CEC163300EA6186 /* FGFBTelephoneKeypad.h */ = {isa = PBXFileReference; fileEncoding = 4; lastKnownFileType = sourcecode.c.h; name = FGFBTelephoneKeypad.h; path = Facebook/FGFBTelephoneKeypad.h; sourceTree = "<group>"; };
		65EEBB341CEC163300EA6186 /* FGFBTelephoneKeypad.m */ = {isa = PBXFileReference; fileEncoding = 4; lastKnownFileType = sourcecode.c.objc; name = FGFBTelephoneKeypad.m; path = Facebook/FGFBTelephoneKeypad.m; sourceTree = "<group>"; };
		65EEBB361CEC1E4800EA6186 /* FGFBTelephoneKeypadTest.m */ = {isa = PBXFileReference; fileEncoding = 4; lastKnownFileType = sourcecode.c.objc; path = FGFBTelephoneKeypadTest.m; sourceTree = "<group>"; };
		65EEBB391CEC30B600EA6186 /* FGGPFibonacciCalculator.h */ = {isa = PBXFileReference; fileEncoding = 4; lastKnownFileType = sourcecode.c.h; name = FGGPFibonacciCalculator.h; path = Groupon/FGGPFibonacciCalculator.h; sourceTree = "<group>"; };
		65EEBB3A1CEC30B600EA6186 /* FGGPFibonacciCalculator.m */ = {isa = PBXFileReference; fileEncoding = 4; lastKnownFileType = sourcecode.c.objc; name = FGGPFibonacciCalculator.m; path = Groupon/FGGPFibonacciCalculator.m; sourceTree = "<group>"; };
		65EEBB3C1CEC44B200EA6186 /* FGGPFibonacciCalculatorTest.m */ = {isa = PBXFileReference; fileEncoding = 4; lastKnownFileType = sourcecode.c.objc; path = FGGPFibonacciCalculatorTest.m; sourceTree = "<group>"; };
		65EEBB411CEC47FE00EA6186 /* FGAPPLEPopularObject.h */ = {isa = PBXFileReference; fileEncoding = 4; lastKnownFileType = sourcecode.c.h; name = FGAPPLEPopularObject.h; path = Apple/FGAPPLEPopularObject.h; sourceTree = "<group>"; };
		65EEBB421CEC47FE00EA6186 /* FGAPPLEPopularObject.m */ = {isa = PBXFileReference; fileEncoding = 4; lastKnownFileType = sourcecode.c.objc; name = FGAPPLEPopularObject.m; path = Apple/FGAPPLEPopularObject.m; sourceTree = "<group>"; };
		65F707791CF6A7CF009A4006 /* FGTrieTree.h */ = {isa = PBXFileReference; fileEncoding = 4; lastKnownFileType = sourcecode.c.h; name = FGTrieTree.h; path = Tree/FGTrieTree.h; sourceTree = "<group>"; };
		65F7077A1CF6A7CF009A4006 /* FGTrieTree.m */ = {isa = PBXFileReference; fileEncoding = 4; lastKnownFileType = sourcecode.c.objc; name = FGTrieTree.m; path = Tree/FGTrieTree.m; sourceTree = "<group>"; };
		65F7077D1CF6A7F5009A4006 /* FGTrieTreeNode.h */ = {isa = PBXFileReference; fileEncoding = 4; lastKnownFileType = sourcecode.c.h; name = FGTrieTreeNode.h; path = Tree/FGTrieTreeNode.h; sourceTree = "<group>"; };
		65F7077E1CF6A7F5009A4006 /* FGTrieTreeNode.m */ = {isa = PBXFileReference; fileEncoding = 4; lastKnownFileType = sourcecode.c.objc; name = FGTrieTreeNode.m; path = Tree/FGTrieTreeNode.m; sourceTree = "<group>"; };
		65F707801CF6C13B009A4006 /* FGTrieTreeNodeTest.m */ = {isa = PBXFileReference; fileEncoding = 4; lastKnownFileType = sourcecode.c.objc; path = FGTrieTreeNodeTest.m; sourceTree = "<group>"; };
		65F7079D1CFAC2A3009A4006 /* NSArray+FGQuickSort.h */ = {isa = PBXFileReference; fileEncoding = 4; lastKnownFileType = sourcecode.c.h; name = "NSArray+FGQuickSort.h"; path = "Sorting/NSArray+FGQuickSort.h"; sourceTree = "<group>"; };
		65F7079E1CFAC2A3009A4006 /* NSArray+FGQuickSort.m */ = {isa = PBXFileReference; fileEncoding = 4; lastKnownFileType = sourcecode.c.objc; name = "NSArray+FGQuickSort.m"; path = "Sorting/NSArray+FGQuickSort.m"; sourceTree = "<group>"; };
		DCCB0ED41DF2753D00AA04C7 /* FGFBCancelableBlock3.h */ = {isa = PBXFileReference; lastKnownFileType = sourcecode.c.h; path = FGFBCancelableBlock3.h; sourceTree = "<group>"; };
/* End PBXFileReference section */

/* Begin PBXFrameworksBuildPhase section */
		65223E6A1CCB362F003FC03F /* Frameworks */ = {
			isa = PBXFrameworksBuildPhase;
			buildActionMask = 2147483647;
			files = (
			);
			runOnlyForDeploymentPostprocessing = 0;
		};
		65223E831CCB362F003FC03F /* Frameworks */ = {
			isa = PBXFrameworksBuildPhase;
			buildActionMask = 2147483647;
			files = (
			);
			runOnlyForDeploymentPostprocessing = 0;
		};
/* End PBXFrameworksBuildPhase section */

/* Begin PBXGroup section */
		650289301CFD245C00A2B130 /* AVL */ = {
			isa = PBXGroup;
			children = (
				650289311CFD247900A2B130 /* FGAVLTree.h */,
				650289321CFD247900A2B130 /* FGAVLTree.m */,
				650289341CFD248A00A2B130 /* FGAVLTreeNode.h */,
				650289351CFD248A00A2B130 /* FGAVLTreeNode.m */,
			);
			name = AVL;
			sourceTree = "<group>";
		};
		650289371CFD3AB800A2B130 /* Utilities */ = {
			isa = PBXGroup;
			children = (
				650289381CFD3B0200A2B130 /* NSNumber+FGComparsion.h */,
				650289391CFD3B0200A2B130 /* NSNumber+FGComparsion.m */,
			);
			name = Utilities;
			sourceTree = "<group>";
		};
		6506356C1CD02F94000347E7 /* Heap */ = {
			isa = PBXGroup;
			children = (
				6506356D1CD02FA2000347E7 /* FGHeap.h */,
				6506356E1CD02FA2000347E7 /* FGHeap.m */,
			);
			name = Heap;
			sourceTree = "<group>";
		};
		650635EA1CD17B6E000347E7 /* ListedList */ = {
			isa = PBXGroup;
			children = (
				650635EB1CD17B86000347E7 /* FGListedList.h */,
				650635EC1CD17B86000347E7 /* FGListedList.m */,
			);
			name = ListedList;
			sourceTree = "<group>";
		};
		65223E641CCB362F003FC03F = {
			isa = PBXGroup;
			children = (
				65223E6F1CCB362F003FC03F /* FGDataStructure */,
				65223E891CCB362F003FC03F /* FGDataStructureTests */,
				65223E6E1CCB362F003FC03F /* Products */,
			);
			sourceTree = "<group>";
		};
		65223E6E1CCB362F003FC03F /* Products */ = {
			isa = PBXGroup;
			children = (
				65223E6D1CCB362F003FC03F /* FGDataStructure.app */,
				65223E861CCB362F003FC03F /* FGDataStructureTests.xctest */,
			);
			name = Products;
			sourceTree = "<group>";
		};
		65223E6F1CCB362F003FC03F /* FGDataStructure */ = {
			isa = PBXGroup;
			children = (
				650289371CFD3AB800A2B130 /* Utilities */,
				65EEBB3E1CEC46B100EA6186 /* Apple */,
				65EEBB381CEC212000EA6186 /* Groupon */,
				65EEBAE21CE9820300EA6186 /* Google */,
				65231E401CE7D3D7002B6821 /* Facebook */,
				654D8EA81CD9B81500B89F86 /* HackerRank */,
				650635EA1CD17B6E000347E7 /* ListedList */,
				6506356C1CD02F94000347E7 /* Heap */,
				65223EAF1CCEF657003FC03F /* HashTable */,
				65223EAB1CCEEF7B003FC03F /* Queue */,
				65223EA71CCED88B003FC03F /* Stack */,
				65223E9A1CCB3954003FC03F /* Sorting */,
				65223E991CCB394C003FC03F /* Tree */,
				65223E731CCB362F003FC03F /* AppDelegate.h */,
				65223E741CCB362F003FC03F /* AppDelegate.m */,
				65223E761CCB362F003FC03F /* ViewController.h */,
				65223E771CCB362F003FC03F /* ViewController.m */,
				65223E791CCB362F003FC03F /* Main.storyboard */,
				65223E7C1CCB362F003FC03F /* Assets.xcassets */,
				65223E7E1CCB362F003FC03F /* LaunchScreen.storyboard */,
				65223E811CCB362F003FC03F /* Info.plist */,
				65223E701CCB362F003FC03F /* Supporting Files */,
			);
			path = FGDataStructure;
			sourceTree = "<group>";
		};
		65223E701CCB362F003FC03F /* Supporting Files */ = {
			isa = PBXGroup;
			children = (
				65223E711CCB362F003FC03F /* main.m */,
			);
			name = "Supporting Files";
			sourceTree = "<group>";
		};
		65223E891CCB362F003FC03F /* FGDataStructureTests */ = {
			isa = PBXGroup;
			children = (
				65223E8A1CCB362F003FC03F /* FGDataStructureTests.m */,
				65223E8C1CCB362F003FC03F /* Info.plist */,
				65223EBC1CCF21CB003FC03F /* FGHashTableTest.m */,
				65223ED41CD0234F003FC03F /* FGStackTest.m */,
				654D8EAD1CD9BA3400B89F86 /* FGHRArrayDSTest.m */,
				654D8EBC1CDAC4C300B89F86 /* FGHR2DArrayDSTest.m */,
				654D8EC21CDAD7C700B89F86 /* FGHRLinkedListTest.m */,
				65974CCE1CE1487100B3B340 /* FGHRTreeTest.m */,
				65231E471CE7DBB0002B6821 /* FGFBClosestPointsTest.m */,
				65EEBAD41CE8312900EA6186 /* FGFBQuestionsTest.m */,
				65EEBAD91CE9449200EA6186 /* FGFBNestedArrayTest.m */,
				65EEBAE91CE98A6B00EA6186 /* FGGGNumberGroupTest.m */,
				65EEBAF41CEA655900EA6186 /* FGFBWordsMatchTest.m */,
				65EEBB031CEAA82700EA6186 /* FGFBAnagramsFinderTest.m */,
				65EEBB081CEACF2400EA6186 /* FGFBMergeSortArrayTest.m */,
				65EEBB221CEBC44400EA6186 /* FGFBRemoveDuplicatesTest.m */,
				65EEBB311CEC038300EA6186 /* FGFBFindMirrorTreeTest.m */,
				65EEBB361CEC1E4800EA6186 /* FGFBTelephoneKeypadTest.m */,
				65EEBB3C1CEC44B200EA6186 /* FGGPFibonacciCalculatorTest.m */,
				65E5C1F91CEC53C6003E1B26 /* FGAPPLEPopularObjectTest.m */,
				65E5C1FE1CED001B003E1B26 /* FGBSTreeTest.m */,
				65E5C20C1CF2904F003E1B26 /* FGFBCancelableBlock.m */,
				65F707801CF6C13B009A4006 /* FGTrieTreeNodeTest.m */,
				650289161CFBCE9F00A2B130 /* NSArray+FGQuickSortTest.m */,
			);
			path = FGDataStructureTests;
			sourceTree = "<group>";
		};
		65223E991CCB394C003FC03F /* Tree */ = {
			isa = PBXGroup;
			children = (
				650289301CFD245C00A2B130 /* AVL */,
				65F7077C1CF6A7DE009A4006 /* Trie */,
				65F707781CF6A7A3009A4006 /* BinaryTree */,
			);
			name = Tree;
			sourceTree = "<group>";
		};
		65223E9A1CCB3954003FC03F /* Sorting */ = {
			isa = PBXGroup;
			children = (
				65F7079D1CFAC2A3009A4006 /* NSArray+FGQuickSort.h */,
				65F7079E1CFAC2A3009A4006 /* NSArray+FGQuickSort.m */,
			);
			name = Sorting;
			sourceTree = "<group>";
		};
		65223EA71CCED88B003FC03F /* Stack */ = {
			isa = PBXGroup;
			children = (
				65223EA81CCED89E003FC03F /* FGStack.h */,
				65223EA91CCED89E003FC03F /* FGStack.m */,
			);
			name = Stack;
			sourceTree = "<group>";
		};
		65223EAB1CCEEF7B003FC03F /* Queue */ = {
			isa = PBXGroup;
			children = (
				65223EAC1CCEEF88003FC03F /* FGQueue.h */,
				65223EAD1CCEEF88003FC03F /* FGQueue.m */,
			);
			name = Queue;
			sourceTree = "<group>";
		};
		65223EAF1CCEF657003FC03F /* HashTable */ = {
			isa = PBXGroup;
			children = (
				65223EB01CCEF66D003FC03F /* FGHashTable.h */,
				65223EB11CCEF66D003FC03F /* FGHashTable.m */,
				65223ED11CCF528C003FC03F /* FGHashTableNode.h */,
				65223ED21CCF528C003FC03F /* FGHashTableNode.m */,
			);
			name = HashTable;
			sourceTree = "<group>";
		};
		65231E401CE7D3D7002B6821 /* Facebook */ = {
			isa = PBXGroup;
			children = (
				65EEBB271CEBE34B00EA6186 /* Tree */,
				65EEBAF61CEA73EF00EA6186 /* Median */,
				65EEBADE1CE95C3700EA6186 /* NestedArray */,
				65231E411CE7D3F6002B6821 /* FGFBQuestions.h */,
				65231E421CE7D3F6002B6821 /* FGFBQuestions.m */,
				65231E441CE7D422002B6821 /* FGFBClosestPoints.h */,
				65231E451CE7D422002B6821 /* FGFBClosestPoints.m */,
				65EEBAF11CEA635800EA6186 /* FGFBWordsMatch.h */,
				65EEBAF21CEA635800EA6186 /* FGFBWordsMatch.m */,
				65EEBAF71CEA76ED00EA6186 /* FGFBAnagramsFinder.h */,
				65EEBAF81CEA76ED00EA6186 /* FGFBAnagramsFinder.m */,
				65EEBB051CEAC80D00EA6186 /* FGFBMergeSortArray.h */,
				65EEBB061CEAC80D00EA6186 /* FGFBMergeSortArray.m */,
				65EEBB1F1CEBC3B000EA6186 /* FGFBRemoveDuplicates.h */,
				65EEBB201CEBC3B000EA6186 /* FGFBRemoveDuplicates.m */,
				65EEBB331CEC163300EA6186 /* FGFBTelephoneKeypad.h */,
				65EEBB341CEC163300EA6186 /* FGFBTelephoneKeypad.m */,
				65E5C2061CEFD73D003E1B26 /* FGFBCancelableBlock.h */,
				65E5C20E1CF2C904003E1B26 /* FGFBCancelableBlock2.h */,
				DCCB0ED41DF2753D00AA04C7 /* FGFBCancelableBlock3.h */,
			);
			name = Facebook;
			sourceTree = "<group>";
		};
		654D8EA81CD9B81500B89F86 /* HackerRank */ = {
			isa = PBXGroup;
			children = (
				6555C65F1CE42F68004DA145 /* BalancedTree */,
				65974CCA1CE1456100B3B340 /* Tree */,
				654D8EBE1CDACD2900B89F86 /* LinkedList */,
				654D8EA91CD9B81800B89F86 /* Array */,
			);
			path = HackerRank;
			sourceTree = "<group>";
		};
		654D8EA91CD9B81800B89F86 /* Array */ = {
			isa = PBXGroup;
			children = (
				654D8EAA1CD9B83D00B89F86 /* NSArray+FGHRArrayDS.h */,
				654D8EAB1CD9B83D00B89F86 /* NSArray+FGHRArrayDS.m */,
				654D8EAF1CD9CE7C00B89F86 /* FGHR2DArrayDS.h */,
				654D8EB01CD9CE7C00B89F86 /* FGHR2DArrayDS.m */,
			);
			name = Array;
			sourceTree = "<group>";
		};
		654D8EBE1CDACD2900B89F86 /* LinkedList */ = {
			isa = PBXGroup;
			children = (
				654D8EBF1CDACD5F00B89F86 /* FGHRLinkedList.h */,
				654D8EC01CDACD5F00B89F86 /* FGHRLinkedList.m */,
			);
			name = LinkedList;
			sourceTree = "<group>";
		};
		6555C65F1CE42F68004DA145 /* BalancedTree */ = {
			isa = PBXGroup;
			children = (
				6555C6601CE42F92004DA145 /* FGHRBalancedTree.h */,
				6555C6611CE42F92004DA145 /* FGHRBalancedTree.m */,
			);
			name = BalancedTree;
			sourceTree = "<group>";
		};
		65974CCA1CE1456100B3B340 /* Tree */ = {
			isa = PBXGroup;
			children = (
				65974CCB1CE1457600B3B340 /* FGHRTree.h */,
				65974CCC1CE1457600B3B340 /* FGHRTree.m */,
			);
			name = Tree;
			sourceTree = "<group>";
		};
		65EEBADE1CE95C3700EA6186 /* NestedArray */ = {
			isa = PBXGroup;
			children = (
				65EEBAD61CE940B400EA6186 /* FGFBNestedArray.h */,
				65EEBAD71CE940B400EA6186 /* FGFBNestedArray.m */,
			);
			name = NestedArray;
			sourceTree = "<group>";
		};
		65EEBAE21CE9820300EA6186 /* Google */ = {
			isa = PBXGroup;
			children = (
				65EEBAE61CE9875A00EA6186 /* FGGGNumberGroup.h */,
				65EEBAE71CE9875A00EA6186 /* FGGGNumberGroup.m */,
			);
			name = Google;
			sourceTree = "<group>";
		};
		65EEBAF61CEA73EF00EA6186 /* Median */ = {
			isa = PBXGroup;
			children = (
			);
			name = Median;
			sourceTree = "<group>";
		};
		65EEBB271CEBE34B00EA6186 /* Tree */ = {
			isa = PBXGroup;
			children = (
				65EEBB241CEBE33000EA6186 /* FGFBFindMirrorTree.h */,
				65EEBB251CEBE33000EA6186 /* FGFBFindMirrorTree.m */,
				65EEBB281CEBE37900EA6186 /* FGFBFindMirrorTreeNode.h */,
				65EEBB291CEBE37900EA6186 /* FGFBFindMirrorTreeNode.m */,
				65EEBB2B1CEBE38500EA6186 /* FGFBFindMirrorTreeStructure.h */,
				65EEBB2C1CEBE38500EA6186 /* FGFBFindMirrorTreeStructure.m */,
				65EEBB2E1CEBED5900EA6186 /* FGFBFindMirrorData.h */,
				65EEBB2F1CEBED5900EA6186 /* FGFBFindMirrorData.m */,
			);
			name = Tree;
			sourceTree = "<group>";
		};
		65EEBB381CEC212000EA6186 /* Groupon */ = {
			isa = PBXGroup;
			children = (
				65EEBB391CEC30B600EA6186 /* FGGPFibonacciCalculator.h */,
				65EEBB3A1CEC30B600EA6186 /* FGGPFibonacciCalculator.m */,
			);
			name = Groupon;
			sourceTree = "<group>";
		};
		65EEBB3E1CEC46B100EA6186 /* Apple */ = {
			isa = PBXGroup;
			children = (
				65EEBB411CEC47FE00EA6186 /* FGAPPLEPopularObject.h */,
				65EEBB421CEC47FE00EA6186 /* FGAPPLEPopularObject.m */,
			);
			name = Apple;
			sourceTree = "<group>";
		};
		65F707781CF6A7A3009A4006 /* BinaryTree */ = {
			isa = PBXGroup;
			children = (
				65223E9B1CCB399B003FC03F /* FGBSTree.h */,
				65223E9C1CCB399B003FC03F /* FGBSTree.m */,
				65223EA11CCB39DD003FC03F /* FGBSTreeNode.h */,
				65223EA21CCB39DD003FC03F /* FGBSTreeNode.m */,
				65223EA41CCD6F41003FC03F /* FGBSTreeType.h */,
				65E5C1FB1CECFF10003E1B26 /* FGBSTreeObject.h */,
				65E5C1FC1CECFF10003E1B26 /* FGBSTreeObject.m */,
			);
			name = BinaryTree;
			sourceTree = "<group>";
		};
		65F7077C1CF6A7DE009A4006 /* Trie */ = {
			isa = PBXGroup;
			children = (
				65F707791CF6A7CF009A4006 /* FGTrieTree.h */,
				65F7077A1CF6A7CF009A4006 /* FGTrieTree.m */,
				65F7077D1CF6A7F5009A4006 /* FGTrieTreeNode.h */,
				65F7077E1CF6A7F5009A4006 /* FGTrieTreeNode.m */,
			);
			name = Trie;
			sourceTree = "<group>";
		};
/* End PBXGroup section */

/* Begin PBXNativeTarget section */
		65223E6C1CCB362F003FC03F /* FGDataStructure */ = {
			isa = PBXNativeTarget;
			buildConfigurationList = 65223E8F1CCB362F003FC03F /* Build configuration list for PBXNativeTarget "FGDataStructure" */;
			buildPhases = (
				65223E691CCB362F003FC03F /* Sources */,
				65223E6A1CCB362F003FC03F /* Frameworks */,
				65223E6B1CCB362F003FC03F /* Resources */,
			);
			buildRules = (
			);
			dependencies = (
			);
			name = FGDataStructure;
			productName = FGDataStructure;
			productReference = 65223E6D1CCB362F003FC03F /* FGDataStructure.app */;
			productType = "com.apple.product-type.application";
		};
		65223E851CCB362F003FC03F /* FGDataStructureTests */ = {
			isa = PBXNativeTarget;
			buildConfigurationList = 65223E921CCB362F003FC03F /* Build configuration list for PBXNativeTarget "FGDataStructureTests" */;
			buildPhases = (
				65223E821CCB362F003FC03F /* Sources */,
				65223E831CCB362F003FC03F /* Frameworks */,
				65223E841CCB362F003FC03F /* Resources */,
			);
			buildRules = (
			);
			dependencies = (
				65223E881CCB362F003FC03F /* PBXTargetDependency */,
			);
			name = FGDataStructureTests;
			productName = FGDataStructureTests;
			productReference = 65223E861CCB362F003FC03F /* FGDataStructureTests.xctest */;
			productType = "com.apple.product-type.bundle.unit-test";
		};
/* End PBXNativeTarget section */

/* Begin PBXProject section */
		65223E651CCB362F003FC03F /* Project object */ = {
			isa = PBXProject;
			attributes = {
				LastUpgradeCheck = 0730;
				ORGANIZATIONNAME = "Feng Guo";
				TargetAttributes = {
					65223E6C1CCB362F003FC03F = {
						CreatedOnToolsVersion = 7.3;
					};
					65223E851CCB362F003FC03F = {
						CreatedOnToolsVersion = 7.3;
						TestTargetID = 65223E6C1CCB362F003FC03F;
					};
				};
			};
			buildConfigurationList = 65223E681CCB362F003FC03F /* Build configuration list for PBXProject "FGDataStructure" */;
			compatibilityVersion = "Xcode 3.2";
			developmentRegion = English;
			hasScannedForEncodings = 0;
			knownRegions = (
				en,
				Base,
			);
			mainGroup = 65223E641CCB362F003FC03F;
			productRefGroup = 65223E6E1CCB362F003FC03F /* Products */;
			projectDirPath = "";
			projectRoot = "";
			targets = (
				65223E6C1CCB362F003FC03F /* FGDataStructure */,
				65223E851CCB362F003FC03F /* FGDataStructureTests */,
			);
		};
/* End PBXProject section */

/* Begin PBXResourcesBuildPhase section */
		65223E6B1CCB362F003FC03F /* Resources */ = {
			isa = PBXResourcesBuildPhase;
			buildActionMask = 2147483647;
			files = (
				65223E801CCB362F003FC03F /* LaunchScreen.storyboard in Resources */,
				65223E7D1CCB362F003FC03F /* Assets.xcassets in Resources */,
				65223E7B1CCB362F003FC03F /* Main.storyboard in Resources */,
			);
			runOnlyForDeploymentPostprocessing = 0;
		};
		65223E841CCB362F003FC03F /* Resources */ = {
			isa = PBXResourcesBuildPhase;
			buildActionMask = 2147483647;
			files = (
			);
			runOnlyForDeploymentPostprocessing = 0;
		};
/* End PBXResourcesBuildPhase section */

/* Begin PBXSourcesBuildPhase section */
		65223E691CCB362F003FC03F /* Sources */ = {
			isa = PBXSourcesBuildPhase;
			buildActionMask = 2147483647;
			files = (
				65EEBB351CEC163300EA6186 /* FGFBTelephoneKeypad.m in Sources */,
				65223ED31CCF528C003FC03F /* FGHashTableNode.m in Sources */,
				65EEBAF31CEA635800EA6186 /* FGFBWordsMatch.m in Sources */,
				65EEBB2A1CEBE37900EA6186 /* FGFBFindMirrorTreeNode.m in Sources */,
				65231E431CE7D3F6002B6821 /* FGFBQuestions.m in Sources */,
				65223EA31CCB39DD003FC03F /* FGBSTreeNode.m in Sources */,
				65EEBAD81CE940B400EA6186 /* FGFBNestedArray.m in Sources */,
				65F7077F1CF6A7F5009A4006 /* FGTrieTreeNode.m in Sources */,
				650289361CFD248A00A2B130 /* FGAVLTreeNode.m in Sources */,
				6502893A1CFD3B0200A2B130 /* NSNumber+FGComparsion.m in Sources */,
				65223EB21CCEF66D003FC03F /* FGHashTable.m in Sources */,
				65F7077B1CF6A7CF009A4006 /* FGTrieTree.m in Sources */,
				65223EAE1CCEEF88003FC03F /* FGQueue.m in Sources */,
				6506356F1CD02FA2000347E7 /* FGHeap.m in Sources */,
				65EEBB431CEC47FE00EA6186 /* FGAPPLEPopularObject.m in Sources */,
				65EEBB3B1CEC30B600EA6186 /* FGGPFibonacciCalculator.m in Sources */,
				654D8EAC1CD9B83D00B89F86 /* NSArray+FGHRArrayDS.m in Sources */,
				65EEBB301CEBED5900EA6186 /* FGFBFindMirrorData.m in Sources */,
				65EEBB261CEBE33000EA6186 /* FGFBFindMirrorTree.m in Sources */,
				65EEBB2D1CEBE38500EA6186 /* FGFBFindMirrorTreeStructure.m in Sources */,
				65223E9D1CCB399B003FC03F /* FGBSTree.m in Sources */,
				65223E781CCB362F003FC03F /* ViewController.m in Sources */,
				650635ED1CD17B86000347E7 /* FGListedList.m in Sources */,
				65EEBAF91CEA76ED00EA6186 /* FGFBAnagramsFinder.m in Sources */,
				65F7079F1CFAC2A3009A4006 /* NSArray+FGQuickSort.m in Sources */,
				65E5C1FD1CECFF10003E1B26 /* FGBSTreeObject.m in Sources */,
				65EEBB071CEAC80D00EA6186 /* FGFBMergeSortArray.m in Sources */,
				65223E751CCB362F003FC03F /* AppDelegate.m in Sources */,
				65223E721CCB362F003FC03F /* main.m in Sources */,
				654D8EC11CDACD5F00B89F86 /* FGHRLinkedList.m in Sources */,
				65EEBAE81CE9875A00EA6186 /* FGGGNumberGroup.m in Sources */,
				65EEBB211CEBC3B000EA6186 /* FGFBRemoveDuplicates.m in Sources */,
				654D8EB11CD9CE7C00B89F86 /* FGHR2DArrayDS.m in Sources */,
				65223EAA1CCED89E003FC03F /* FGStack.m in Sources */,
				6555C6621CE42F92004DA145 /* FGHRBalancedTree.m in Sources */,
				65974CCD1CE1457600B3B340 /* FGHRTree.m in Sources */,
				650289331CFD247900A2B130 /* FGAVLTree.m in Sources */,
				65231E461CE7D422002B6821 /* FGFBClosestPoints.m in Sources */,
			);
			runOnlyForDeploymentPostprocessing = 0;
		};
		65223E821CCB362F003FC03F /* Sources */ = {
			isa = PBXSourcesBuildPhase;
			buildActionMask = 2147483647;
			files = (
				650289171CFBCE9F00A2B130 /* NSArray+FGQuickSortTest.m in Sources */,
				65E5C1FA1CEC53C6003E1B26 /* FGAPPLEPopularObjectTest.m in Sources */,
				65E5C20D1CF2904F003E1B26 /* FGFBCancelableBlock.m in Sources */,
				65EEBB041CEAA82700EA6186 /* FGFBAnagramsFinderTest.m in Sources */,
				65EEBB091CEACF2400EA6186 /* FGFBMergeSortArrayTest.m in Sources */,
				65223E8B1CCB362F003FC03F /* FGDataStructureTests.m in Sources */,
				65231E481CE7DBB0002B6821 /* FGFBClosestPointsTest.m in Sources */,
				65EEBB3D1CEC44B200EA6186 /* FGGPFibonacciCalculatorTest.m in Sources */,
				65EEBB321CEC038300EA6186 /* FGFBFindMirrorTreeTest.m in Sources */,
				654D8EC31CDAD7C700B89F86 /* FGHRLinkedListTest.m in Sources */,
				65EEBAF51CEA655900EA6186 /* FGFBWordsMatchTest.m in Sources */,
				65974CCF1CE1487100B3B340 /* FGHRTreeTest.m in Sources */,
				65EEBAD51CE8312900EA6186 /* FGFBQuestionsTest.m in Sources */,
				65EEBB231CEBC44400EA6186 /* FGFBRemoveDuplicatesTest.m in Sources */,
				654D8EBD1CDAC4C300B89F86 /* FGHR2DArrayDSTest.m in Sources */,
				65F707811CF6C13B009A4006 /* FGTrieTreeNodeTest.m in Sources */,
				65EEBAEA1CE98A6B00EA6186 /* FGGGNumberGroupTest.m in Sources */,
				654D8EAE1CD9BA3400B89F86 /* FGHRArrayDSTest.m in Sources */,
				65E5C1FF1CED001B003E1B26 /* FGBSTreeTest.m in Sources */,
				65EEBB371CEC1E4800EA6186 /* FGFBTelephoneKeypadTest.m in Sources */,
				65223EBD1CCF21CB003FC03F /* FGHashTableTest.m in Sources */,
				65223ED51CD0234F003FC03F /* FGStackTest.m in Sources */,
				65EEBADA1CE9449200EA6186 /* FGFBNestedArrayTest.m in Sources */,
			);
			runOnlyForDeploymentPostprocessing = 0;
		};
/* End PBXSourcesBuildPhase section */

/* Begin PBXTargetDependency section */
		65223E881CCB362F003FC03F /* PBXTargetDependency */ = {
			isa = PBXTargetDependency;
			target = 65223E6C1CCB362F003FC03F /* FGDataStructure */;
			targetProxy = 65223E871CCB362F003FC03F /* PBXContainerItemProxy */;
		};
/* End PBXTargetDependency section */

/* Begin PBXVariantGroup section */
		65223E791CCB362F003FC03F /* Main.storyboard */ = {
			isa = PBXVariantGroup;
			children = (
				65223E7A1CCB362F003FC03F /* Base */,
			);
			name = Main.storyboard;
			sourceTree = "<group>";
		};
		65223E7E1CCB362F003FC03F /* LaunchScreen.storyboard */ = {
			isa = PBXVariantGroup;
			children = (
				65223E7F1CCB362F003FC03F /* Base */,
			);
			name = LaunchScreen.storyboard;
			sourceTree = "<group>";
		};
/* End PBXVariantGroup section */

/* Begin XCBuildConfiguration section */
		65223E8D1CCB362F003FC03F /* Debug */ = {
			isa = XCBuildConfiguration;
			buildSettings = {
				ALWAYS_SEARCH_USER_PATHS = NO;
				CLANG_ANALYZER_NONNULL = YES;
				CLANG_CXX_LANGUAGE_STANDARD = "gnu++0x";
				CLANG_CXX_LIBRARY = "libc++";
				CLANG_ENABLE_MODULES = YES;
				CLANG_ENABLE_OBJC_ARC = YES;
				CLANG_WARN_BOOL_CONVERSION = YES;
				CLANG_WARN_CONSTANT_CONVERSION = YES;
				CLANG_WARN_DIRECT_OBJC_ISA_USAGE = YES_ERROR;
				CLANG_WARN_EMPTY_BODY = YES;
				CLANG_WARN_ENUM_CONVERSION = YES;
				CLANG_WARN_INT_CONVERSION = YES;
				CLANG_WARN_OBJC_ROOT_CLASS = YES_ERROR;
				CLANG_WARN_UNREACHABLE_CODE = YES;
				CLANG_WARN__DUPLICATE_METHOD_MATCH = YES;
				"CODE_SIGN_IDENTITY[sdk=iphoneos*]" = "iPhone Developer";
				COPY_PHASE_STRIP = NO;
				DEBUG_INFORMATION_FORMAT = dwarf;
				ENABLE_STRICT_OBJC_MSGSEND = YES;
				ENABLE_TESTABILITY = YES;
				GCC_C_LANGUAGE_STANDARD = gnu99;
				GCC_DYNAMIC_NO_PIC = NO;
				GCC_NO_COMMON_BLOCKS = YES;
				GCC_OPTIMIZATION_LEVEL = 0;
				GCC_PREPROCESSOR_DEFINITIONS = (
					"DEBUG=1",
					"$(inherited)",
				);
				GCC_WARN_64_TO_32_BIT_CONVERSION = YES;
				GCC_WARN_ABOUT_RETURN_TYPE = YES_ERROR;
				GCC_WARN_UNDECLARED_SELECTOR = YES;
				GCC_WARN_UNINITIALIZED_AUTOS = YES_AGGRESSIVE;
				GCC_WARN_UNUSED_FUNCTION = YES;
				GCC_WARN_UNUSED_VARIABLE = YES;
				IPHONEOS_DEPLOYMENT_TARGET = 9.3;
				MTL_ENABLE_DEBUG_INFO = YES;
				ONLY_ACTIVE_ARCH = YES;
				SDKROOT = iphoneos;
				TARGETED_DEVICE_FAMILY = "1,2";
			};
			name = Debug;
		};
		65223E8E1CCB362F003FC03F /* Release */ = {
			isa = XCBuildConfiguration;
			buildSettings = {
				ALWAYS_SEARCH_USER_PATHS = NO;
				CLANG_ANALYZER_NONNULL = YES;
				CLANG_CXX_LANGUAGE_STANDARD = "gnu++0x";
				CLANG_CXX_LIBRARY = "libc++";
				CLANG_ENABLE_MODULES = YES;
				CLANG_ENABLE_OBJC_ARC = YES;
				CLANG_WARN_BOOL_CONVERSION = YES;
				CLANG_WARN_CONSTANT_CONVERSION = YES;
				CLANG_WARN_DIRECT_OBJC_ISA_USAGE = YES_ERROR;
				CLANG_WARN_EMPTY_BODY = YES;
				CLANG_WARN_ENUM_CONVERSION = YES;
				CLANG_WARN_INT_CONVERSION = YES;
				CLANG_WARN_OBJC_ROOT_CLASS = YES_ERROR;
				CLANG_WARN_UNREACHABLE_CODE = YES;
				CLANG_WARN__DUPLICATE_METHOD_MATCH = YES;
				"CODE_SIGN_IDENTITY[sdk=iphoneos*]" = "iPhone Developer";
				COPY_PHASE_STRIP = NO;
				DEBUG_INFORMATION_FORMAT = "dwarf-with-dsym";
				ENABLE_NS_ASSERTIONS = NO;
				ENABLE_STRICT_OBJC_MSGSEND = YES;
				GCC_C_LANGUAGE_STANDARD = gnu99;
				GCC_NO_COMMON_BLOCKS = YES;
				GCC_WARN_64_TO_32_BIT_CONVERSION = YES;
				GCC_WARN_ABOUT_RETURN_TYPE = YES_ERROR;
				GCC_WARN_UNDECLARED_SELECTOR = YES;
				GCC_WARN_UNINITIALIZED_AUTOS = YES_AGGRESSIVE;
				GCC_WARN_UNUSED_FUNCTION = YES;
				GCC_WARN_UNUSED_VARIABLE = YES;
				IPHONEOS_DEPLOYMENT_TARGET = 9.3;
				MTL_ENABLE_DEBUG_INFO = NO;
				SDKROOT = iphoneos;
				TARGETED_DEVICE_FAMILY = "1,2";
				VALIDATE_PRODUCT = YES;
			};
			name = Release;
		};
		65223E901CCB362F003FC03F /* Debug */ = {
			isa = XCBuildConfiguration;
			buildSettings = {
				ASSETCATALOG_COMPILER_APPICON_NAME = AppIcon;
				CODE_SIGN_IDENTITY = "iPhone Developer";
				"CODE_SIGN_IDENTITY[sdk=iphoneos*]" = "iPhone Developer";
				INFOPLIST_FILE = FGDataStructure/Info.plist;
				LD_RUNPATH_SEARCH_PATHS = "$(inherited) @executable_path/Frameworks";
				PRODUCT_BUNDLE_IDENTIFIER = com.coreapps.FGDataStructure;
				PRODUCT_NAME = "$(TARGET_NAME)";
				PROVISIONING_PROFILE = "";
			};
			name = Debug;
		};
		65223E911CCB362F003FC03F /* Release */ = {
			isa = XCBuildConfiguration;
			buildSettings = {
				ASSETCATALOG_COMPILER_APPICON_NAME = AppIcon;
				CODE_SIGN_IDENTITY = "iPhone Developer";
				"CODE_SIGN_IDENTITY[sdk=iphoneos*]" = "iPhone Developer";
				INFOPLIST_FILE = FGDataStructure/Info.plist;
				LD_RUNPATH_SEARCH_PATHS = "$(inherited) @executable_path/Frameworks";
				PRODUCT_BUNDLE_IDENTIFIER = com.coreapps.FGDataStructure;
				PRODUCT_NAME = "$(TARGET_NAME)";
				PROVISIONING_PROFILE = "";
			};
			name = Release;
		};
		65223E931CCB362F003FC03F /* Debug */ = {
			isa = XCBuildConfiguration;
			buildSettings = {
				BUNDLE_LOADER = "$(TEST_HOST)";
				INFOPLIST_FILE = FGDataStructureTests/Info.plist;
				LD_RUNPATH_SEARCH_PATHS = "$(inherited) @executable_path/Frameworks @loader_path/Frameworks";
				PRODUCT_BUNDLE_IDENTIFIER = com.coreapps.FGDataStructureTests;
				PRODUCT_NAME = "$(TARGET_NAME)";
				TEST_HOST = "$(BUILT_PRODUCTS_DIR)/FGDataStructure.app/FGDataStructure";
			};
			name = Debug;
		};
		65223E941CCB362F003FC03F /* Release */ = {
			isa = XCBuildConfiguration;
			buildSettings = {
				BUNDLE_LOADER = "$(TEST_HOST)";
				INFOPLIST_FILE = FGDataStructureTests/Info.plist;
				LD_RUNPATH_SEARCH_PATHS = "$(inherited) @executable_path/Frameworks @loader_path/Frameworks";
				PRODUCT_BUNDLE_IDENTIFIER = com.coreapps.FGDataStructureTests;
				PRODUCT_NAME = "$(TARGET_NAME)";
				TEST_HOST = "$(BUILT_PRODUCTS_DIR)/FGDataStructure.app/FGDataStructure";
			};
			name = Release;
		};
/* End XCBuildConfiguration section */

/* Begin XCConfigurationList section */
		65223E681CCB362F003FC03F /* Build configuration list for PBXProject "FGDataStructure" */ = {
			isa = XCConfigurationList;
			buildConfigurations = (
				65223E8D1CCB362F003FC03F /* Debug */,
				65223E8E1CCB362F003FC03F /* Release */,
			);
			defaultConfigurationIsVisible = 0;
			defaultConfigurationName = Release;
		};
		65223E8F1CCB362F003FC03F /* Build configuration list for PBXNativeTarget "FGDataStructure" */ = {
			isa = XCConfigurationList;
			buildConfigurations = (
				65223E901CCB362F003FC03F /* Debug */,
				65223E911CCB362F003FC03F /* Release */,
			);
			defaultConfigurationIsVisible = 0;
			defaultConfigurationName = Release;
		};
		65223E921CCB362F003FC03F /* Build configuration list for PBXNativeTarget "FGDataStructureTests" */ = {
			isa = XCConfigurationList;
			buildConfigurations = (
				65223E931CCB362F003FC03F /* Debug */,
				65223E941CCB362F003FC03F /* Release */,
			);
			defaultConfigurationIsVisible = 0;
			defaultConfigurationName = Release;
		};
/* End XCConfigurationList section */
	};
	rootObject = 65223E651CCB362F003FC03F /* Project object */;
}
